// !$*UTF8*$!
{
	archiveVersion = 1;
	classes = {
	};
	objectVersion = 50;
	objects = {

/* Begin PBXBuildFile section */
		D8ABEAC1263C42CC00B9D2B9 /* MultifolderApp.swift in Sources */ = {isa = PBXBuildFile; fileRef = D8ABEAC0263C42CC00B9D2B9 /* MultifolderApp.swift */; };
		D8ABEAC3263C42CC00B9D2B9 /* ContentView.swift in Sources */ = {isa = PBXBuildFile; fileRef = D8ABEAC2263C42CC00B9D2B9 /* ContentView.swift */; };
		D8ABEAC5263C42CD00B9D2B9 /* Assets.xcassets in Resources */ = {isa = PBXBuildFile; fileRef = D8ABEAC4263C42CD00B9D2B9 /* Assets.xcassets */; };
		D8ABEAC8263C42CD00B9D2B9 /* Preview Assets.xcassets in Resources */ = {isa = PBXBuildFile; fileRef = D8ABEAC7263C42CD00B9D2B9 /* Preview Assets.xcassets */; };
		D8ABEAD4263C42CD00B9D2B9 /* MultifolderTests.swift in Sources */ = {isa = PBXBuildFile; fileRef = D8ABEAD3263C42CD00B9D2B9 /* MultifolderTests.swift */; };
		D8ABEADF263C42CD00B9D2B9 /* MultifolderUITests.swift in Sources */ = {isa = PBXBuildFile; fileRef = D8ABEADE263C42CD00B9D2B9 /* MultifolderUITests.swift */; };
/* End PBXBuildFile section */

/* Begin PBXContainerItemProxy section */
		D8ABEAD0263C42CD00B9D2B9 /* PBXContainerItemProxy */ = {
			isa = PBXContainerItemProxy;
			containerPortal = D8ABEAB5263C42CC00B9D2B9 /* Project object */;
			proxyType = 1;
			remoteGlobalIDString = D8ABEABC263C42CC00B9D2B9;
			remoteInfo = "Smart Folders";
		};
		D8ABEADB263C42CD00B9D2B9 /* PBXContainerItemProxy */ = {
			isa = PBXContainerItemProxy;
			containerPortal = D8ABEAB5263C42CC00B9D2B9 /* Project object */;
			proxyType = 1;
			remoteGlobalIDString = D8ABEABC263C42CC00B9D2B9;
			remoteInfo = "Smart Folders";
		};
/* End PBXContainerItemProxy section */

/* Begin PBXFileReference section */
		D8ABEABD263C42CC00B9D2B9 /* Multifolder.app */ = {isa = PBXFileReference; explicitFileType = wrapper.application; includeInIndex = 0; path = Multifolder.app; sourceTree = BUILT_PRODUCTS_DIR; };
		D8ABEAC0263C42CC00B9D2B9 /* MultifolderApp.swift */ = {isa = PBXFileReference; lastKnownFileType = sourcecode.swift; path = MultifolderApp.swift; sourceTree = "<group>"; };
		D8ABEAC2263C42CC00B9D2B9 /* ContentView.swift */ = {isa = PBXFileReference; lastKnownFileType = sourcecode.swift; path = ContentView.swift; sourceTree = "<group>"; };
		D8ABEAC4263C42CD00B9D2B9 /* Assets.xcassets */ = {isa = PBXFileReference; lastKnownFileType = folder.assetcatalog; path = Assets.xcassets; sourceTree = "<group>"; };
		D8ABEAC7263C42CD00B9D2B9 /* Preview Assets.xcassets */ = {isa = PBXFileReference; lastKnownFileType = folder.assetcatalog; path = "Preview Assets.xcassets"; sourceTree = "<group>"; };
		D8ABEAC9263C42CD00B9D2B9 /* Info.plist */ = {isa = PBXFileReference; lastKnownFileType = text.plist.xml; path = Info.plist; sourceTree = "<group>"; };
		D8ABEACA263C42CD00B9D2B9 /* Multifolder.entitlements */ = {isa = PBXFileReference; lastKnownFileType = text.plist.entitlements; path = Multifolder.entitlements; sourceTree = "<group>"; };
		D8ABEACF263C42CD00B9D2B9 /* MultifolderTests.xctest */ = {isa = PBXFileReference; explicitFileType = wrapper.cfbundle; includeInIndex = 0; path = MultifolderTests.xctest; sourceTree = BUILT_PRODUCTS_DIR; };
		D8ABEAD3263C42CD00B9D2B9 /* MultifolderTests.swift */ = {isa = PBXFileReference; lastKnownFileType = sourcecode.swift; path = MultifolderTests.swift; sourceTree = "<group>"; };
		D8ABEAD5263C42CD00B9D2B9 /* Info.plist */ = {isa = PBXFileReference; lastKnownFileType = text.plist.xml; path = Info.plist; sourceTree = "<group>"; };
		D8ABEADA263C42CD00B9D2B9 /* MultifolderUITests.xctest */ = {isa = PBXFileReference; explicitFileType = wrapper.cfbundle; includeInIndex = 0; path = MultifolderUITests.xctest; sourceTree = BUILT_PRODUCTS_DIR; };
		D8ABEADE263C42CD00B9D2B9 /* MultifolderUITests.swift */ = {isa = PBXFileReference; lastKnownFileType = sourcecode.swift; path = MultifolderUITests.swift; sourceTree = "<group>"; };
		D8ABEAE0263C42CD00B9D2B9 /* Info.plist */ = {isa = PBXFileReference; lastKnownFileType = text.plist.xml; path = Info.plist; sourceTree = "<group>"; };
/* End PBXFileReference section */

/* Begin PBXFrameworksBuildPhase section */
		D8ABEABA263C42CC00B9D2B9 /* Frameworks */ = {
			isa = PBXFrameworksBuildPhase;
			buildActionMask = 2147483647;
			files = (
			);
			runOnlyForDeploymentPostprocessing = 0;
		};
		D8ABEACC263C42CD00B9D2B9 /* Frameworks */ = {
			isa = PBXFrameworksBuildPhase;
			buildActionMask = 2147483647;
			files = (
			);
			runOnlyForDeploymentPostprocessing = 0;
		};
		D8ABEAD7263C42CD00B9D2B9 /* Frameworks */ = {
			isa = PBXFrameworksBuildPhase;
			buildActionMask = 2147483647;
			files = (
			);
			runOnlyForDeploymentPostprocessing = 0;
		};
/* End PBXFrameworksBuildPhase section */

/* Begin PBXGroup section */
		D8ABEAB4263C42CC00B9D2B9 = {
			isa = PBXGroup;
			children = (
				D8ABEABF263C42CC00B9D2B9 /* Multifolder */,
				D8ABEAD2263C42CD00B9D2B9 /* MultifolderTests */,
				D8ABEADD263C42CD00B9D2B9 /* MultifolderUITests */,
				D8ABEABE263C42CC00B9D2B9 /* Products */,
			);
			sourceTree = "<group>";
		};
		D8ABEABE263C42CC00B9D2B9 /* Products */ = {
			isa = PBXGroup;
			children = (
				D8ABEABD263C42CC00B9D2B9 /* Multifolder.app */,
				D8ABEACF263C42CD00B9D2B9 /* MultifolderTests.xctest */,
				D8ABEADA263C42CD00B9D2B9 /* MultifolderUITests.xctest */,
			);
			name = Products;
			sourceTree = "<group>";
		};
		D8ABEABF263C42CC00B9D2B9 /* Multifolder */ = {
			isa = PBXGroup;
			children = (
				D8ABEAC0263C42CC00B9D2B9 /* MultifolderApp.swift */,
				D8ABEAC2263C42CC00B9D2B9 /* ContentView.swift */,
				D8ABEAC4263C42CD00B9D2B9 /* Assets.xcassets */,
				D8ABEAC9263C42CD00B9D2B9 /* Info.plist */,
				D8ABEACA263C42CD00B9D2B9 /* Multifolder.entitlements */,
				D8ABEAC6263C42CD00B9D2B9 /* Preview Content */,
			);
			path = Multifolder;
			sourceTree = "<group>";
		};
		D8ABEAC6263C42CD00B9D2B9 /* Preview Content */ = {
			isa = PBXGroup;
			children = (
				D8ABEAC7263C42CD00B9D2B9 /* Preview Assets.xcassets */,
			);
			path = "Preview Content";
			sourceTree = "<group>";
		};
		D8ABEAD2263C42CD00B9D2B9 /* MultifolderTests */ = {
			isa = PBXGroup;
			children = (
				D8ABEAD3263C42CD00B9D2B9 /* MultifolderTests.swift */,
				D8ABEAD5263C42CD00B9D2B9 /* Info.plist */,
			);
			path = MultifolderTests;
			sourceTree = "<group>";
		};
		D8ABEADD263C42CD00B9D2B9 /* MultifolderUITests */ = {
			isa = PBXGroup;
			children = (
				D8ABEADE263C42CD00B9D2B9 /* MultifolderUITests.swift */,
				D8ABEAE0263C42CD00B9D2B9 /* Info.plist */,
			);
			path = MultifolderUITests;
			sourceTree = "<group>";
		};
/* End PBXGroup section */

/* Begin PBXNativeTarget section */
		D8ABEABC263C42CC00B9D2B9 /* Multifolder */ = {
			isa = PBXNativeTarget;
			buildConfigurationList = D8ABEAE3263C42CD00B9D2B9 /* Build configuration list for PBXNativeTarget "Multifolder" */;
			buildPhases = (
				D8ABEAB9263C42CC00B9D2B9 /* Sources */,
				D8ABEABA263C42CC00B9D2B9 /* Frameworks */,
				D8ABEABB263C42CC00B9D2B9 /* Resources */,
			);
			buildRules = (
			);
			dependencies = (
			);
			name = Multifolder;
			productName = "Smart Folders";
			productReference = D8ABEABD263C42CC00B9D2B9 /* Multifolder.app */;
			productType = "com.apple.product-type.application";
		};
		D8ABEACE263C42CD00B9D2B9 /* MultifolderTests */ = {
			isa = PBXNativeTarget;
			buildConfigurationList = D8ABEAE6263C42CD00B9D2B9 /* Build configuration list for PBXNativeTarget "MultifolderTests" */;
			buildPhases = (
				D8ABEACB263C42CD00B9D2B9 /* Sources */,
				D8ABEACC263C42CD00B9D2B9 /* Frameworks */,
				D8ABEACD263C42CD00B9D2B9 /* Resources */,
			);
			buildRules = (
			);
			dependencies = (
				D8ABEAD1263C42CD00B9D2B9 /* PBXTargetDependency */,
			);
			name = MultifolderTests;
			productName = "Smart FoldersTests";
			productReference = D8ABEACF263C42CD00B9D2B9 /* MultifolderTests.xctest */;
			productType = "com.apple.product-type.bundle.unit-test";
		};
		D8ABEAD9263C42CD00B9D2B9 /* MultifolderUITests */ = {
			isa = PBXNativeTarget;
			buildConfigurationList = D8ABEAE9263C42CD00B9D2B9 /* Build configuration list for PBXNativeTarget "MultifolderUITests" */;
			buildPhases = (
				D8ABEAD6263C42CD00B9D2B9 /* Sources */,
				D8ABEAD7263C42CD00B9D2B9 /* Frameworks */,
				D8ABEAD8263C42CD00B9D2B9 /* Resources */,
			);
			buildRules = (
			);
			dependencies = (
				D8ABEADC263C42CD00B9D2B9 /* PBXTargetDependency */,
			);
			name = MultifolderUITests;
			productName = "Smart FoldersUITests";
			productReference = D8ABEADA263C42CD00B9D2B9 /* MultifolderUITests.xctest */;
			productType = "com.apple.product-type.bundle.ui-testing";
		};
/* End PBXNativeTarget section */

/* Begin PBXProject section */
		D8ABEAB5263C42CC00B9D2B9 /* Project object */ = {
			isa = PBXProject;
			attributes = {
				LastSwiftUpdateCheck = 1250;
				LastUpgradeCheck = 1250;
				TargetAttributes = {
					D8ABEABC263C42CC00B9D2B9 = {
						CreatedOnToolsVersion = 12.5;
					};
					D8ABEACE263C42CD00B9D2B9 = {
						CreatedOnToolsVersion = 12.5;
						TestTargetID = D8ABEABC263C42CC00B9D2B9;
					};
					D8ABEAD9263C42CD00B9D2B9 = {
						CreatedOnToolsVersion = 12.5;
						TestTargetID = D8ABEABC263C42CC00B9D2B9;
					};
				};
			};
			buildConfigurationList = D8ABEAB8263C42CC00B9D2B9 /* Build configuration list for PBXProject "Multifolder" */;
			compatibilityVersion = "Xcode 9.3";
			developmentRegion = en;
			hasScannedForEncodings = 0;
			knownRegions = (
				en,
				Base,
			);
			mainGroup = D8ABEAB4263C42CC00B9D2B9;
			productRefGroup = D8ABEABE263C42CC00B9D2B9 /* Products */;
			projectDirPath = "";
			projectRoot = "";
			targets = (
				D8ABEABC263C42CC00B9D2B9 /* Multifolder */,
				D8ABEACE263C42CD00B9D2B9 /* MultifolderTests */,
				D8ABEAD9263C42CD00B9D2B9 /* MultifolderUITests */,
			);
		};
/* End PBXProject section */

/* Begin PBXResourcesBuildPhase section */
		D8ABEABB263C42CC00B9D2B9 /* Resources */ = {
			isa = PBXResourcesBuildPhase;
			buildActionMask = 2147483647;
			files = (
				D8ABEAC8263C42CD00B9D2B9 /* Preview Assets.xcassets in Resources */,
				D8ABEAC5263C42CD00B9D2B9 /* Assets.xcassets in Resources */,
			);
			runOnlyForDeploymentPostprocessing = 0;
		};
		D8ABEACD263C42CD00B9D2B9 /* Resources */ = {
			isa = PBXResourcesBuildPhase;
			buildActionMask = 2147483647;
			files = (
			);
			runOnlyForDeploymentPostprocessing = 0;
		};
		D8ABEAD8263C42CD00B9D2B9 /* Resources */ = {
			isa = PBXResourcesBuildPhase;
			buildActionMask = 2147483647;
			files = (
			);
			runOnlyForDeploymentPostprocessing = 0;
		};
/* End PBXResourcesBuildPhase section */

/* Begin PBXSourcesBuildPhase section */
		D8ABEAB9263C42CC00B9D2B9 /* Sources */ = {
			isa = PBXSourcesBuildPhase;
			buildActionMask = 2147483647;
			files = (
				D8ABEAC3263C42CC00B9D2B9 /* ContentView.swift in Sources */,
				D8ABEAC1263C42CC00B9D2B9 /* MultifolderApp.swift in Sources */,
			);
			runOnlyForDeploymentPostprocessing = 0;
		};
		D8ABEACB263C42CD00B9D2B9 /* Sources */ = {
			isa = PBXSourcesBuildPhase;
			buildActionMask = 2147483647;
			files = (
				D8ABEAD4263C42CD00B9D2B9 /* MultifolderTests.swift in Sources */,
			);
			runOnlyForDeploymentPostprocessing = 0;
		};
		D8ABEAD6263C42CD00B9D2B9 /* Sources */ = {
			isa = PBXSourcesBuildPhase;
			buildActionMask = 2147483647;
			files = (
				D8ABEADF263C42CD00B9D2B9 /* MultifolderUITests.swift in Sources */,
			);
			runOnlyForDeploymentPostprocessing = 0;
		};
/* End PBXSourcesBuildPhase section */

/* Begin PBXTargetDependency section */
		D8ABEAD1263C42CD00B9D2B9 /* PBXTargetDependency */ = {
			isa = PBXTargetDependency;
			target = D8ABEABC263C42CC00B9D2B9 /* Multifolder */;
			targetProxy = D8ABEAD0263C42CD00B9D2B9 /* PBXContainerItemProxy */;
		};
		D8ABEADC263C42CD00B9D2B9 /* PBXTargetDependency */ = {
			isa = PBXTargetDependency;
			target = D8ABEABC263C42CC00B9D2B9 /* Multifolder */;
			targetProxy = D8ABEADB263C42CD00B9D2B9 /* PBXContainerItemProxy */;
		};
/* End PBXTargetDependency section */

/* Begin XCBuildConfiguration section */
		D8ABEAE1263C42CD00B9D2B9 /* Debug */ = {
			isa = XCBuildConfiguration;
			buildSettings = {
				ALWAYS_SEARCH_USER_PATHS = NO;
				CLANG_ANALYZER_NONNULL = YES;
				CLANG_ANALYZER_NUMBER_OBJECT_CONVERSION = YES_AGGRESSIVE;
				CLANG_CXX_LANGUAGE_STANDARD = "gnu++14";
				CLANG_CXX_LIBRARY = "libc++";
				CLANG_ENABLE_MODULES = YES;
				CLANG_ENABLE_OBJC_ARC = YES;
				CLANG_ENABLE_OBJC_WEAK = YES;
				CLANG_WARN_BLOCK_CAPTURE_AUTORELEASING = YES;
				CLANG_WARN_BOOL_CONVERSION = YES;
				CLANG_WARN_COMMA = YES;
				CLANG_WARN_CONSTANT_CONVERSION = YES;
				CLANG_WARN_DEPRECATED_OBJC_IMPLEMENTATIONS = YES;
				CLANG_WARN_DIRECT_OBJC_ISA_USAGE = YES_ERROR;
				CLANG_WARN_DOCUMENTATION_COMMENTS = YES;
				CLANG_WARN_EMPTY_BODY = YES;
				CLANG_WARN_ENUM_CONVERSION = YES;
				CLANG_WARN_INFINITE_RECURSION = YES;
				CLANG_WARN_INT_CONVERSION = YES;
				CLANG_WARN_NON_LITERAL_NULL_CONVERSION = YES;
				CLANG_WARN_OBJC_IMPLICIT_RETAIN_SELF = YES;
				CLANG_WARN_OBJC_LITERAL_CONVERSION = YES;
				CLANG_WARN_OBJC_ROOT_CLASS = YES_ERROR;
				CLANG_WARN_QUOTED_INCLUDE_IN_FRAMEWORK_HEADER = YES;
				CLANG_WARN_RANGE_LOOP_ANALYSIS = YES;
				CLANG_WARN_STRICT_PROTOTYPES = YES;
				CLANG_WARN_SUSPICIOUS_MOVE = YES;
				CLANG_WARN_UNGUARDED_AVAILABILITY = YES_AGGRESSIVE;
				CLANG_WARN_UNREACHABLE_CODE = YES;
				CLANG_WARN__DUPLICATE_METHOD_MATCH = YES;
				COPY_PHASE_STRIP = NO;
				DEBUG_INFORMATION_FORMAT = dwarf;
				ENABLE_STRICT_OBJC_MSGSEND = YES;
				ENABLE_TESTABILITY = YES;
				GCC_C_LANGUAGE_STANDARD = gnu11;
				GCC_DYNAMIC_NO_PIC = NO;
				GCC_NO_COMMON_BLOCKS = YES;
				GCC_OPTIMIZATION_LEVEL = 0;
				GCC_PREPROCESSOR_DEFINITIONS = (
					"DEBUG=1",
					"$(inherited)",
				);
				GCC_WARN_64_TO_32_BIT_CONVERSION = YES;
				GCC_WARN_ABOUT_RETURN_TYPE = YES_ERROR;
				GCC_WARN_UNDECLARED_SELECTOR = YES;
				GCC_WARN_UNINITIALIZED_AUTOS = YES_AGGRESSIVE;
				GCC_WARN_UNUSED_FUNCTION = YES;
				GCC_WARN_UNUSED_VARIABLE = YES;
				MACOSX_DEPLOYMENT_TARGET = 11.3;
				MTL_ENABLE_DEBUG_INFO = INCLUDE_SOURCE;
				MTL_FAST_MATH = YES;
				ONLY_ACTIVE_ARCH = YES;
				SDKROOT = macosx;
				SWIFT_ACTIVE_COMPILATION_CONDITIONS = DEBUG;
				SWIFT_OPTIMIZATION_LEVEL = "-Onone";
			};
			name = Debug;
		};
		D8ABEAE2263C42CD00B9D2B9 /* Release */ = {
			isa = XCBuildConfiguration;
			buildSettings = {
				ALWAYS_SEARCH_USER_PATHS = NO;
				CLANG_ANALYZER_NONNULL = YES;
				CLANG_ANALYZER_NUMBER_OBJECT_CONVERSION = YES_AGGRESSIVE;
				CLANG_CXX_LANGUAGE_STANDARD = "gnu++14";
				CLANG_CXX_LIBRARY = "libc++";
				CLANG_ENABLE_MODULES = YES;
				CLANG_ENABLE_OBJC_ARC = YES;
				CLANG_ENABLE_OBJC_WEAK = YES;
				CLANG_WARN_BLOCK_CAPTURE_AUTORELEASING = YES;
				CLANG_WARN_BOOL_CONVERSION = YES;
				CLANG_WARN_COMMA = YES;
				CLANG_WARN_CONSTANT_CONVERSION = YES;
				CLANG_WARN_DEPRECATED_OBJC_IMPLEMENTATIONS = YES;
				CLANG_WARN_DIRECT_OBJC_ISA_USAGE = YES_ERROR;
				CLANG_WARN_DOCUMENTATION_COMMENTS = YES;
				CLANG_WARN_EMPTY_BODY = YES;
				CLANG_WARN_ENUM_CONVERSION = YES;
				CLANG_WARN_INFINITE_RECURSION = YES;
				CLANG_WARN_INT_CONVERSION = YES;
				CLANG_WARN_NON_LITERAL_NULL_CONVERSION = YES;
				CLANG_WARN_OBJC_IMPLICIT_RETAIN_SELF = YES;
				CLANG_WARN_OBJC_LITERAL_CONVERSION = YES;
				CLANG_WARN_OBJC_ROOT_CLASS = YES_ERROR;
				CLANG_WARN_QUOTED_INCLUDE_IN_FRAMEWORK_HEADER = YES;
				CLANG_WARN_RANGE_LOOP_ANALYSIS = YES;
				CLANG_WARN_STRICT_PROTOTYPES = YES;
				CLANG_WARN_SUSPICIOUS_MOVE = YES;
				CLANG_WARN_UNGUARDED_AVAILABILITY = YES_AGGRESSIVE;
				CLANG_WARN_UNREACHABLE_CODE = YES;
				CLANG_WARN__DUPLICATE_METHOD_MATCH = YES;
				COPY_PHASE_STRIP = NO;
				DEBUG_INFORMATION_FORMAT = "dwarf-with-dsym";
				ENABLE_NS_ASSERTIONS = NO;
				ENABLE_STRICT_OBJC_MSGSEND = YES;
				GCC_C_LANGUAGE_STANDARD = gnu11;
				GCC_NO_COMMON_BLOCKS = YES;
				GCC_WARN_64_TO_32_BIT_CONVERSION = YES;
				GCC_WARN_ABOUT_RETURN_TYPE = YES_ERROR;
				GCC_WARN_UNDECLARED_SELECTOR = YES;
				GCC_WARN_UNINITIALIZED_AUTOS = YES_AGGRESSIVE;
				GCC_WARN_UNUSED_FUNCTION = YES;
				GCC_WARN_UNUSED_VARIABLE = YES;
				MACOSX_DEPLOYMENT_TARGET = 11.3;
				MTL_ENABLE_DEBUG_INFO = NO;
				MTL_FAST_MATH = YES;
				SDKROOT = macosx;
				SWIFT_COMPILATION_MODE = wholemodule;
				SWIFT_OPTIMIZATION_LEVEL = "-O";
			};
			name = Release;
		};
		D8ABEAE4263C42CD00B9D2B9 /* Debug */ = {
			isa = XCBuildConfiguration;
			buildSettings = {
				ASSETCATALOG_COMPILER_APPICON_NAME = AppIcon;
				ASSETCATALOG_COMPILER_GLOBAL_ACCENT_COLOR_NAME = AccentColor;
				CODE_SIGN_ENTITLEMENTS = Multifolder/Multifolder.entitlements;
				CODE_SIGN_STYLE = Automatic;
				COMBINE_HIDPI_IMAGES = YES;
				DEVELOPMENT_ASSET_PATHS = "\"Multifolder/Preview Content\"";
				DEVELOPMENT_TEAM = S4WXAUZQEV;
				ENABLE_HARDENED_RUNTIME = YES;
				ENABLE_PREVIEWS = YES;
				INFOPLIST_FILE = Multifolder/Info.plist;
				LD_RUNPATH_SEARCH_PATHS = (
					"$(inherited)",
					"@executable_path/../Frameworks",
				);
				MACOSX_DEPLOYMENT_TARGET = 11.0;
				PRODUCT_BUNDLE_IDENTIFIER = uk.co.inseven.multifolder;
				PRODUCT_NAME = "$(TARGET_NAME)";
				SWIFT_VERSION = 5.0;
			};
			name = Debug;
		};
		D8ABEAE5263C42CD00B9D2B9 /* Release */ = {
			isa = XCBuildConfiguration;
			buildSettings = {
				ASSETCATALOG_COMPILER_APPICON_NAME = AppIcon;
				ASSETCATALOG_COMPILER_GLOBAL_ACCENT_COLOR_NAME = AccentColor;
				CODE_SIGN_ENTITLEMENTS = Multifolder/Multifolder.entitlements;
				CODE_SIGN_STYLE = Automatic;
				COMBINE_HIDPI_IMAGES = YES;
				DEVELOPMENT_ASSET_PATHS = "\"Multifolder/Preview Content\"";
				DEVELOPMENT_TEAM = S4WXAUZQEV;
				ENABLE_HARDENED_RUNTIME = YES;
				ENABLE_PREVIEWS = YES;
				INFOPLIST_FILE = Multifolder/Info.plist;
				LD_RUNPATH_SEARCH_PATHS = (
					"$(inherited)",
					"@executable_path/../Frameworks",
				);
				MACOSX_DEPLOYMENT_TARGET = 11.0;
				PRODUCT_BUNDLE_IDENTIFIER = uk.co.inseven.multifolder;
				PRODUCT_NAME = "$(TARGET_NAME)";
				SWIFT_VERSION = 5.0;
			};
			name = Release;
		};
		D8ABEAE7263C42CD00B9D2B9 /* Debug */ = {
			isa = XCBuildConfiguration;
			buildSettings = {
				ALWAYS_EMBED_SWIFT_STANDARD_LIBRARIES = YES;
				BUNDLE_LOADER = "$(TEST_HOST)";
				CODE_SIGN_STYLE = Automatic;
				COMBINE_HIDPI_IMAGES = YES;
				DEVELOPMENT_TEAM = S4WXAUZQEV;
				INFOPLIST_FILE = MultifolderTests/Info.plist;
				LD_RUNPATH_SEARCH_PATHS = (
					"$(inherited)",
					"@executable_path/../Frameworks",
					"@loader_path/../Frameworks",
				);
				MACOSX_DEPLOYMENT_TARGET = 11.0;
				PRODUCT_BUNDLE_IDENTIFIER = uk.co.inseven.MultifolderTests;
				PRODUCT_NAME = "$(TARGET_NAME)";
				SWIFT_VERSION = 5.0;
				TEST_HOST = "$(BUILT_PRODUCTS_DIR)/Multifolder.app/Contents/MacOS/Multifolder";
			};
			name = Debug;
		};
		D8ABEAE8263C42CD00B9D2B9 /* Release */ = {
			isa = XCBuildConfiguration;
			buildSettings = {
				ALWAYS_EMBED_SWIFT_STANDARD_LIBRARIES = YES;
				BUNDLE_LOADER = "$(TEST_HOST)";
				CODE_SIGN_STYLE = Automatic;
				COMBINE_HIDPI_IMAGES = YES;
				DEVELOPMENT_TEAM = S4WXAUZQEV;
				INFOPLIST_FILE = MultifolderTests/Info.plist;
				LD_RUNPATH_SEARCH_PATHS = (
					"$(inherited)",
					"@executable_path/../Frameworks",
					"@loader_path/../Frameworks",
				);
				MACOSX_DEPLOYMENT_TARGET = 11.0;
				PRODUCT_BUNDLE_IDENTIFIER = uk.co.inseven.MultifolderTests;
				PRODUCT_NAME = "$(TARGET_NAME)";
				SWIFT_VERSION = 5.0;
				TEST_HOST = "$(BUILT_PRODUCTS_DIR)/Multifolder.app/Contents/MacOS/Multifolder";
			};
			name = Release;
		};
		D8ABEAEA263C42CD00B9D2B9 /* Debug */ = {
			isa = XCBuildConfiguration;
			buildSettings = {
				ALWAYS_EMBED_SWIFT_STANDARD_LIBRARIES = YES;
				CODE_SIGN_STYLE = Automatic;
				COMBINE_HIDPI_IMAGES = YES;
				DEVELOPMENT_TEAM = S4WXAUZQEV;
				INFOPLIST_FILE = MultifolderUITests/Info.plist;
				LD_RUNPATH_SEARCH_PATHS = (
					"$(inherited)",
					"@executable_path/../Frameworks",
					"@loader_path/../Frameworks",
				);
				PRODUCT_BUNDLE_IDENTIFIER = uk.co.inseven.MultifolderUITests;
				PRODUCT_NAME = "$(TARGET_NAME)";
				SWIFT_VERSION = 5.0;
				TEST_TARGET_NAME = Multifolder;
			};
			name = Debug;
		};
		D8ABEAEB263C42CD00B9D2B9 /* Release */ = {
			isa = XCBuildConfiguration;
			buildSettings = {
				ALWAYS_EMBED_SWIFT_STANDARD_LIBRARIES = YES;
				CODE_SIGN_STYLE = Automatic;
				COMBINE_HIDPI_IMAGES = YES;
				DEVELOPMENT_TEAM = S4WXAUZQEV;
				INFOPLIST_FILE = MultifolderUITests/Info.plist;
				LD_RUNPATH_SEARCH_PATHS = (
					"$(inherited)",
					"@executable_path/../Frameworks",
					"@loader_path/../Frameworks",
				);
				PRODUCT_BUNDLE_IDENTIFIER = uk.co.inseven.MultifolderUITests;
				PRODUCT_NAME = "$(TARGET_NAME)";
				SWIFT_VERSION = 5.0;
				TEST_TARGET_NAME = Multifolder;
			};
			name = Release;
		};
/* End XCBuildConfiguration section */

/* Begin XCConfigurationList section */
		D8ABEAB8263C42CC00B9D2B9 /* Build configuration list for PBXProject "Multifolder" */ = {
			isa = XCConfigurationList;
			buildConfigurations = (
				D8ABEAE1263C42CD00B9D2B9 /* Debug */,
				D8ABEAE2263C42CD00B9D2B9 /* Release */,
			);
			defaultConfigurationIsVisible = 0;
			defaultConfigurationName = Release;
		};
		D8ABEAE3263C42CD00B9D2B9 /* Build configuration list for PBXNativeTarget "Multifolder" */ = {
			isa = XCConfigurationList;
			buildConfigurations = (
				D8ABEAE4263C42CD00B9D2B9 /* Debug */,
				D8ABEAE5263C42CD00B9D2B9 /* Release */,
			);
			defaultConfigurationIsVisible = 0;
			defaultConfigurationName = Release;
		};
		D8ABEAE6263C42CD00B9D2B9 /* Build configuration list for PBXNativeTarget "MultifolderTests" */ = {
			isa = XCConfigurationList;
			buildConfigurations = (
				D8ABEAE7263C42CD00B9D2B9 /* Debug */,
				D8ABEAE8263C42CD00B9D2B9 /* Release */,
			);
			defaultConfigurationIsVisible = 0;
			defaultConfigurationName = Release;
		};
		D8ABEAE9263C42CD00B9D2B9 /* Build configuration list for PBXNativeTarget "MultifolderUITests" */ = {
			isa = XCConfigurationList;
			buildConfigurations = (
				D8ABEAEA263C42CD00B9D2B9 /* Debug */,
				D8ABEAEB263C42CD00B9D2B9 /* Release */,
			);
			defaultConfigurationIsVisible = 0;
			defaultConfigurationName = Release;
		};
/* End XCConfigurationList section */
	};
	rootObject = D8ABEAB5263C42CC00B9D2B9 /* Project object */;
}
